
Microsoft Visual Studio Solution File, Format Version 12.00
# Visual Studio 15
VisualStudioVersion = 15.0.27703.2035
MinimumVisualStudioVersion = 10.0.40219.1
Project("{FAE04EC0-301F-11D3-BF4B-00C04F79EFBC}") = "Clientes", "Clientes\Clientes.csproj", "{E1839223-F1CD-4DD0-A5F3-4884C3573F28}"
EndProject
Project("{FAE04EC0-301F-11D3-BF4B-00C04F79EFBC}") = "Hosting", "Hosting\Hosting.csproj", "{595D4047-3D5D-427D-A456-363DDB2DD9B9}"
EndProject
Project("{FAE04EC0-301F-11D3-BF4B-00C04F79EFBC}") = "UtilizaServico", "UtilizaServico\UtilizaServico.csproj", "{90F47ADF-AD06-4A54-99FB-FDE49E801322}"
	ProjectSection(ProjectDependencies) = postProject
		{E1839223-F1CD-4DD0-A5F3-4884C3573F28} = {E1839223-F1CD-4DD0-A5F3-4884C3573F28}
	EndProjectSection
EndProject
Global
	GlobalSection(SolutionConfigurationPlatforms) = preSolution
		Debug|Any CPU = Debug|Any CPU
		Release|Any CPU = Release|Any CPU
	EndGlobalSection
	GlobalSection(ProjectConfigurationPlatforms) = postSolution
		{E1839223-F1CD-4DD0-A5F3-4884C3573F28}.Debug|Any CPU.ActiveCfg = Debug|Any CPU
		{E1839223-F1CD-4DD0-A5F3-4884C3573F28}.Debug|Any CPU.Build.0 = Debug|Any CPU
		{E1839223-F1CD-4DD0-A5F3-4884C3573F28}.Release|Any CPU.ActiveCfg = Release|Any CPU
		{E1839223-F1CD-4DD0-A5F3-4884C3573F28}.Release|Any CPU.Build.0 = Release|Any CPU
		{595D4047-3D5D-427D-A456-363DDB2DD9B9}.Debug|Any CPU.ActiveCfg = Debug|Any CPU
		{595D4047-3D5D-427D-A456-363DDB2DD9B9}.Debug|Any CPU.Build.0 = Debug|Any CPU
		{595D4047-3D5D-427D-A456-363DDB2DD9B9}.Release|Any CPU.ActiveCfg = Release|Any CPU
		{595D4047-3D5D-427D-A456-363DDB2DD9B9}.Release|Any CPU.Build.0 = Release|Any CPU
		{90F47ADF-AD06-4A54-99FB-FDE49E801322}.Debug|Any CPU.ActiveCfg = Debug|Any CPU
		{90F47ADF-AD06-4A54-99FB-FDE49E801322}.Debug|Any CPU.Build.0 = Debug|Any CPU
		{90F47ADF-AD06-4A54-99FB-FDE49E801322}.Release|Any CPU.ActiveCfg = Release|Any CPU
		{90F47ADF-AD06-4A54-99FB-FDE49E801322}.Release|Any CPU.Build.0 = Release|Any CPU
	EndGlobalSection
	GlobalSection(SolutionProperties) = preSolution
		HideSolutionNode = FALSE
	EndGlobalSection
	GlobalSection(ExtensibilityGlobals) = postSolution
		SolutionGuid = {18B46DAE-65AD-419A-BDA3-2FEDAA18A103}
	EndGlobalSection
EndGlobal
